
Microsoft Visual Studio Solution File, Format Version 12.00
# Visual Studio 2012
Project("{FAE04EC0-301F-11D3-BF4B-00C04F79EFBC}") = "ContentManagementSystem", "ContentManagementSystem\ContentManagementSystem.csproj", "{525045D2-1866-4281-8750-5DF82C4A8377}"
EndProject
Project("{FAE04EC0-301F-11D3-BF4B-00C04F79EFBC}") = "ContentManagement.Core", "ContentManagement.Core\ContentManagement.Core.csproj", "{A5601337-7E3F-43C7-95BB-399E11DC035A}"
EndProject
Project("{FAE04EC0-301F-11D3-BF4B-00C04F79EFBC}") = "Blog", "Blog\Blog.csproj", "{B7537532-1175-4461-976E-ACB4730A6124}"
EndProject
Project("{2150E333-8FDC-42A3-9474-1A3956D46DE8}") = ".nuget", ".nuget", "{D47EC290-6AE0-4D93-AB5A-6CF543C1574E}"
	ProjectSection(SolutionItems) = preProject
		.nuget\NuGet.Config = .nuget\NuGet.Config
		.nuget\NuGet.exe = .nuget\NuGet.exe
		.nuget\NuGet.targets = .nuget\NuGet.targets
	EndProjectSection
EndProject
Project("{FAE04EC0-301F-11D3-BF4B-00C04F79EFBC}") = "ContentManagement.Mvc", "ContentManagement.Mvc\ContentManagement.Mvc.csproj", "{7DE009E0-67ED-4CA3-A0EE-4C3F2BED7375}"
EndProject
Global
	GlobalSection(SolutionConfigurationPlatforms) = preSolution
		Debug|Any CPU = Debug|Any CPU
		Release|Any CPU = Release|Any CPU
	EndGlobalSection
	GlobalSection(ProjectConfigurationPlatforms) = postSolution
		{525045D2-1866-4281-8750-5DF82C4A8377}.Debug|Any CPU.ActiveCfg = Debug|Any CPU
		{525045D2-1866-4281-8750-5DF82C4A8377}.Debug|Any CPU.Build.0 = Debug|Any CPU
		{525045D2-1866-4281-8750-5DF82C4A8377}.Release|Any CPU.ActiveCfg = Release|Any CPU
		{525045D2-1866-4281-8750-5DF82C4A8377}.Release|Any CPU.Build.0 = Release|Any CPU
		{A5601337-7E3F-43C7-95BB-399E11DC035A}.Debug|Any CPU.ActiveCfg = Debug|Any CPU
		{A5601337-7E3F-43C7-95BB-399E11DC035A}.Debug|Any CPU.Build.0 = Debug|Any CPU
		{A5601337-7E3F-43C7-95BB-399E11DC035A}.Release|Any CPU.ActiveCfg = Release|Any CPU
		{A5601337-7E3F-43C7-95BB-399E11DC035A}.Release|Any CPU.Build.0 = Release|Any CPU
		{B7537532-1175-4461-976E-ACB4730A6124}.Debug|Any CPU.ActiveCfg = Debug|Any CPU
		{B7537532-1175-4461-976E-ACB4730A6124}.Debug|Any CPU.Build.0 = Debug|Any CPU
		{B7537532-1175-4461-976E-ACB4730A6124}.Release|Any CPU.ActiveCfg = Release|Any CPU
		{B7537532-1175-4461-976E-ACB4730A6124}.Release|Any CPU.Build.0 = Release|Any CPU
		{7DE009E0-67ED-4CA3-A0EE-4C3F2BED7375}.Debug|Any CPU.ActiveCfg = Debug|Any CPU
		{7DE009E0-67ED-4CA3-A0EE-4C3F2BED7375}.Debug|Any CPU.Build.0 = Debug|Any CPU
		{7DE009E0-67ED-4CA3-A0EE-4C3F2BED7375}.Release|Any CPU.ActiveCfg = Release|Any CPU
		{7DE009E0-67ED-4CA3-A0EE-4C3F2BED7375}.Release|Any CPU.Build.0 = Release|Any CPU
	EndGlobalSection
	GlobalSection(SolutionProperties) = preSolution
		HideSolutionNode = FALSE
	EndGlobalSection
EndGlobal
